// !$*UTF8*$!
{
	archiveVersion = 1;
	classes = {
	};
	objectVersion = 46;
	objects = {

/* Begin PBXBuildFile section */
		97EEF00C1D850C8200EA96C8 /* AppDelegate.swift in Sources */ = {isa = PBXBuildFile; fileRef = 97EEF00B1D850C8200EA96C8 /* AppDelegate.swift */; };
		97EEF00E1D850C8200EA96C8 /* ViewController.swift in Sources */ = {isa = PBXBuildFile; fileRef = 97EEF00D1D850C8200EA96C8 /* ViewController.swift */; };
		97EEF0111D850C8200EA96C8 /* Main.storyboard in Resources */ = {isa = PBXBuildFile; fileRef = 97EEF00F1D850C8200EA96C8 /* Main.storyboard */; };
		97EEF0131D850C8200EA96C8 /* Assets.xcassets in Resources */ = {isa = PBXBuildFile; fileRef = 97EEF0121D850C8200EA96C8 /* Assets.xcassets */; };
		97EEF0161D850C8200EA96C8 /* LaunchScreen.storyboard in Resources */ = {isa = PBXBuildFile; fileRef = 97EEF0141D850C8200EA96C8 /* LaunchScreen.storyboard */; };
		97EEF0211D850C8200EA96C8 /* MapExamTests.swift in Sources */ = {isa = PBXBuildFile; fileRef = 97EEF0201D850C8200EA96C8 /* MapExamTests.swift */; };
		97EEF02C1D850C8200EA96C8 /* MapExamUITests.swift in Sources */ = {isa = PBXBuildFile; fileRef = 97EEF02B1D850C8200EA96C8 /* MapExamUITests.swift */; };
		97EEF03A1D850D2600EA96C8 /* MapKit.framework in Frameworks */ = {isa = PBXBuildFile; fileRef = 97EEF0391D850D2600EA96C8 /* MapKit.framework */; };
/* End PBXBuildFile section */

/* Begin PBXContainerItemProxy section */
		97EEF01D1D850C8200EA96C8 /* PBXContainerItemProxy */ = {
			isa = PBXContainerItemProxy;
			containerPortal = 97EEF0001D850C8200EA96C8 /* Project object */;
			proxyType = 1;
			remoteGlobalIDString = 97EEF0071D850C8200EA96C8;
			remoteInfo = MapExam;
		};
		97EEF0281D850C8200EA96C8 /* PBXContainerItemProxy */ = {
			isa = PBXContainerItemProxy;
			containerPortal = 97EEF0001D850C8200EA96C8 /* Project object */;
			proxyType = 1;
			remoteGlobalIDString = 97EEF0071D850C8200EA96C8;
			remoteInfo = MapExam;
		};
/* End PBXContainerItemProxy section */

/* Begin PBXFileReference section */
		97EEF0081D850C8200EA96C8 /* MapExam.app */ = {isa = PBXFileReference; explicitFileType = wrapper.application; includeInIndex = 0; path = MapExam.app; sourceTree = BUILT_PRODUCTS_DIR; };
		97EEF00B1D850C8200EA96C8 /* AppDelegate.swift */ = {isa = PBXFileReference; lastKnownFileType = sourcecode.swift; path = AppDelegate.swift; sourceTree = "<group>"; };
		97EEF00D1D850C8200EA96C8 /* ViewController.swift */ = {isa = PBXFileReference; lastKnownFileType = sourcecode.swift; path = ViewController.swift; sourceTree = "<group>"; };
		97EEF0101D850C8200EA96C8 /* Base */ = {isa = PBXFileReference; lastKnownFileType = file.storyboard; name = Base; path = Base.lproj/Main.storyboard; sourceTree = "<group>"; };
		97EEF0121D850C8200EA96C8 /* Assets.xcassets */ = {isa = PBXFileReference; lastKnownFileType = folder.assetcatalog; path = Assets.xcassets; sourceTree = "<group>"; };
		97EEF0151D850C8200EA96C8 /* Base */ = {isa = PBXFileReference; lastKnownFileType = file.storyboard; name = Base; path = Base.lproj/LaunchScreen.storyboard; sourceTree = "<group>"; };
		97EEF0171D850C8200EA96C8 /* Info.plist */ = {isa = PBXFileReference; lastKnownFileType = text.plist.xml; path = Info.plist; sourceTree = "<group>"; };
		97EEF01C1D850C8200EA96C8 /* MapExamTests.xctest */ = {isa = PBXFileReference; explicitFileType = wrapper.cfbundle; includeInIndex = 0; path = MapExamTests.xctest; sourceTree = BUILT_PRODUCTS_DIR; };
		97EEF0201D850C8200EA96C8 /* MapExamTests.swift */ = {isa = PBXFileReference; lastKnownFileType = sourcecode.swift; path = MapExamTests.swift; sourceTree = "<group>"; };
		97EEF0221D850C8200EA96C8 /* Info.plist */ = {isa = PBXFileReference; lastKnownFileType = text.plist.xml; path = Info.plist; sourceTree = "<group>"; };
		97EEF0271D850C8200EA96C8 /* MapExamUITests.xctest */ = {isa = PBXFileReference; explicitFileType = wrapper.cfbundle; includeInIndex = 0; path = MapExamUITests.xctest; sourceTree = BUILT_PRODUCTS_DIR; };
		97EEF02B1D850C8200EA96C8 /* MapExamUITests.swift */ = {isa = PBXFileReference; lastKnownFileType = sourcecode.swift; path = MapExamUITests.swift; sourceTree = "<group>"; };
		97EEF02D1D850C8200EA96C8 /* Info.plist */ = {isa = PBXFileReference; lastKnownFileType = text.plist.xml; path = Info.plist; sourceTree = "<group>"; };
		97EEF0391D850D2600EA96C8 /* MapKit.framework */ = {isa = PBXFileReference; lastKnownFileType = wrapper.framework; name = MapKit.framework; path = System/Library/Frameworks/MapKit.framework; sourceTree = SDKROOT; };
/* End PBXFileReference section */

/* Begin PBXFrameworksBuildPhase section */
		97EEF0051D850C8200EA96C8 /* Frameworks */ = {
			isa = PBXFrameworksBuildPhase;
			buildActionMask = 2147483647;
			files = (
				97EEF03A1D850D2600EA96C8 /* MapKit.framework in Frameworks */,
			);
			runOnlyForDeploymentPostprocessing = 0;
		};
		97EEF0191D850C8200EA96C8 /* Frameworks */ = {
			isa = PBXFrameworksBuildPhase;
			buildActionMask = 2147483647;
			files = (
			);
			runOnlyForDeploymentPostprocessing = 0;
		};
		97EEF0241D850C8200EA96C8 /* Frameworks */ = {
			isa = PBXFrameworksBuildPhase;
			buildActionMask = 2147483647;
			files = (
			);
			runOnlyForDeploymentPostprocessing = 0;
		};
/* End PBXFrameworksBuildPhase section */

/* Begin PBXGroup section */
		97EEEFFF1D850C8200EA96C8 = {
			isa = PBXGroup;
			children = (
				97EEF0391D850D2600EA96C8 /* MapKit.framework */,
				97EEF00A1D850C8200EA96C8 /* MapExam */,
				97EEF01F1D850C8200EA96C8 /* MapExamTests */,
				97EEF02A1D850C8200EA96C8 /* MapExamUITests */,
				97EEF0091D850C8200EA96C8 /* Products */,
			);
			sourceTree = "<group>";
		};
		97EEF0091D850C8200EA96C8 /* Products */ = {
			isa = PBXGroup;
			children = (
				97EEF0081D850C8200EA96C8 /* MapExam.app */,
				97EEF01C1D850C8200EA96C8 /* MapExamTests.xctest */,
				97EEF0271D850C8200EA96C8 /* MapExamUITests.xctest */,
			);
			name = Products;
			sourceTree = "<group>";
		};
		97EEF00A1D850C8200EA96C8 /* MapExam */ = {
			isa = PBXGroup;
			children = (
				97EEF00B1D850C8200EA96C8 /* AppDelegate.swift */,
				97EEF00D1D850C8200EA96C8 /* ViewController.swift */,
				97EEF00F1D850C8200EA96C8 /* Main.storyboard */,
				97EEF0121D850C8200EA96C8 /* Assets.xcassets */,
				97EEF0141D850C8200EA96C8 /* LaunchScreen.storyboard */,
				97EEF0171D850C8200EA96C8 /* Info.plist */,
			);
			path = MapExam;
			sourceTree = "<group>";
		};
		97EEF01F1D850C8200EA96C8 /* MapExamTests */ = {
			isa = PBXGroup;
			children = (
				97EEF0201D850C8200EA96C8 /* MapExamTests.swift */,
				97EEF0221D850C8200EA96C8 /* Info.plist */,
			);
			path = MapExamTests;
			sourceTree = "<group>";
		};
		97EEF02A1D850C8200EA96C8 /* MapExamUITests */ = {
			isa = PBXGroup;
			children = (
				97EEF02B1D850C8200EA96C8 /* MapExamUITests.swift */,
				97EEF02D1D850C8200EA96C8 /* Info.plist */,
			);
			path = MapExamUITests;
			sourceTree = "<group>";
		};
/* End PBXGroup section */

/* Begin PBXNativeTarget section */
		97EEF0071D850C8200EA96C8 /* MapExam */ = {
			isa = PBXNativeTarget;
			buildConfigurationList = 97EEF0301D850C8200EA96C8 /* Build configuration list for PBXNativeTarget "MapExam" */;
			buildPhases = (
				97EEF0041D850C8200EA96C8 /* Sources */,
				97EEF0051D850C8200EA96C8 /* Frameworks */,
				97EEF0061D850C8200EA96C8 /* Resources */,
			);
			buildRules = (
			);
			dependencies = (
			);
			name = MapExam;
			productName = MapExam;
			productReference = 97EEF0081D850C8200EA96C8 /* MapExam.app */;
			productType = "com.apple.product-type.application";
		};
		97EEF01B1D850C8200EA96C8 /* MapExamTests */ = {
			isa = PBXNativeTarget;
			buildConfigurationList = 97EEF0331D850C8200EA96C8 /* Build configuration list for PBXNativeTarget "MapExamTests" */;
			buildPhases = (
				97EEF0181D850C8200EA96C8 /* Sources */,
				97EEF0191D850C8200EA96C8 /* Frameworks */,
				97EEF01A1D850C8200EA96C8 /* Resources */,
			);
			buildRules = (
			);
			dependencies = (
				97EEF01E1D850C8200EA96C8 /* PBXTargetDependency */,
			);
			name = MapExamTests;
			productName = MapExamTests;
			productReference = 97EEF01C1D850C8200EA96C8 /* MapExamTests.xctest */;
			productType = "com.apple.product-type.bundle.unit-test";
		};
		97EEF0261D850C8200EA96C8 /* MapExamUITests */ = {
			isa = PBXNativeTarget;
			buildConfigurationList = 97EEF0361D850C8200EA96C8 /* Build configuration list for PBXNativeTarget "MapExamUITests" */;
			buildPhases = (
				97EEF0231D850C8200EA96C8 /* Sources */,
				97EEF0241D850C8200EA96C8 /* Frameworks */,
				97EEF0251D850C8200EA96C8 /* Resources */,
			);
			buildRules = (
			);
			dependencies = (
				97EEF0291D850C8200EA96C8 /* PBXTargetDependency */,
			);
			name = MapExamUITests;
			productName = MapExamUITests;
			productReference = 97EEF0271D850C8200EA96C8 /* MapExamUITests.xctest */;
			productType = "com.apple.product-type.bundle.ui-testing";
		};
/* End PBXNativeTarget section */

/* Begin PBXProject section */
		97EEF0001D850C8200EA96C8 /* Project object */ = {
			isa = PBXProject;
			attributes = {
				LastSwiftUpdateCheck = 0730;
				LastUpgradeCheck = 0730;
				ORGANIZATIONNAME = plurry;
				TargetAttributes = {
					97EEF0071D850C8200EA96C8 = {
						CreatedOnToolsVersion = 7.3.1;
					};
					97EEF01B1D850C8200EA96C8 = {
						CreatedOnToolsVersion = 7.3.1;
						TestTargetID = 97EEF0071D850C8200EA96C8;
					};
					97EEF0261D850C8200EA96C8 = {
						CreatedOnToolsVersion = 7.3.1;
						TestTargetID = 97EEF0071D850C8200EA96C8;
					};
				};
			};
			buildConfigurationList = 97EEF0031D850C8200EA96C8 /* Build configuration list for PBXProject "MapExam" */;
			compatibilityVersion = "Xcode 3.2";
			developmentRegion = English;
			hasScannedForEncodings = 0;
			knownRegions = (
				en,
				Base,
			);
			mainGroup = 97EEEFFF1D850C8200EA96C8;
			productRefGroup = 97EEF0091D850C8200EA96C8 /* Products */;
			projectDirPath = "";
			projectRoot = "";
			targets = (
				97EEF0071D850C8200EA96C8 /* MapExam */,
				97EEF01B1D850C8200EA96C8 /* MapExamTests */,
				97EEF0261D850C8200EA96C8 /* MapExamUITests */,
			);
		};
/* End PBXProject section */

/* Begin PBXResourcesBuildPhase section */
		97EEF0061D850C8200EA96C8 /* Resources */ = {
			isa = PBXResourcesBuildPhase;
			buildActionMask = 2147483647;
			files = (
				97EEF0161D850C8200EA96C8 /* LaunchScreen.storyboard in Resources */,
				97EEF0131D850C8200EA96C8 /* Assets.xcassets in Resources */,
				97EEF0111D850C8200EA96C8 /* Main.storyboard in Resources */,
			);
			runOnlyForDeploymentPostprocessing = 0;
		};
		97EEF01A1D850C8200EA96C8 /* Resources */ = {
			isa = PBXResourcesBuildPhase;
			buildActionMask = 2147483647;
			files = (
			);
			runOnlyForDeploymentPostprocessing = 0;
		};
		97EEF0251D850C8200EA96C8 /* Resources */ = {
			isa = PBXResourcesBuildPhase;
			buildActionMask = 2147483647;
			files = (
			);
			runOnlyForDeploymentPostprocessing = 0;
		};
/* End PBXResourcesBuildPhase section */

/* Begin PBXSourcesBuildPhase section */
		97EEF0041D850C8200EA96C8 /* Sources */ = {
			isa = PBXSourcesBuildPhase;
			buildActionMask = 2147483647;
			files = (
				97EEF00E1D850C8200EA96C8 /* ViewController.swift in Sources */,
				97EEF00C1D850C8200EA96C8 /* AppDelegate.swift in Sources */,
			);
			runOnlyForDeploymentPostprocessing = 0;
		};
		97EEF0181D850C8200EA96C8 /* Sources */ = {
			isa = PBXSourcesBuildPhase;
			buildActionMask = 2147483647;
			files = (
				97EEF0211D850C8200EA96C8 /* MapExamTests.swift in Sources */,
			);
			runOnlyForDeploymentPostprocessing = 0;
		};
		97EEF0231D850C8200EA96C8 /* Sources */ = {
			isa = PBXSourcesBuildPhase;
			buildActionMask = 2147483647;
			files = (
				97EEF02C1D850C8200EA96C8 /* MapExamUITests.swift in Sources */,
			);
			runOnlyForDeploymentPostprocessing = 0;
		};
/* End PBXSourcesBuildPhase section */

/* Begin PBXTargetDependency section */
		97EEF01E1D850C8200EA96C8 /* PBXTargetDependency */ = {
			isa = PBXTargetDependency;
			target = 97EEF0071D850C8200EA96C8 /* MapExam */;
			targetProxy = 97EEF01D1D850C8200EA96C8 /* PBXContainerItemProxy */;
		};
		97EEF0291D850C8200EA96C8 /* PBXTargetDependency */ = {
			isa = PBXTargetDependency;
			target = 97EEF0071D850C8200EA96C8 /* MapExam */;
			targetProxy = 97EEF0281D850C8200EA96C8 /* PBXContainerItemProxy */;
		};
/* End PBXTargetDependency section */

/* Begin PBXVariantGroup section */
		97EEF00F1D850C8200EA96C8 /* Main.storyboard */ = {
			isa = PBXVariantGroup;
			children = (
				97EEF0101D850C8200EA96C8 /* Base */,
			);
			name = Main.storyboard;
			sourceTree = "<group>";
		};
		97EEF0141D850C8200EA96C8 /* LaunchScreen.storyboard */ = {
			isa = PBXVariantGroup;
			children = (
				97EEF0151D850C8200EA96C8 /* Base */,
			);
			name = LaunchScreen.storyboard;
			sourceTree = "<group>";
		};
/* End PBXVariantGroup section */

/* Begin XCBuildConfiguration section */
		97EEF02E1D850C8200EA96C8 /* Debug */ = {
			isa = XCBuildConfiguration;
			buildSettings = {
				ALWAYS_SEARCH_USER_PATHS = NO;
				CLANG_ANALYZER_NONNULL = YES;
				CLANG_CXX_LANGUAGE_STANDARD = "gnu++0x";
				CLANG_CXX_LIBRARY = "libc++";
				CLANG_ENABLE_MODULES = YES;
				CLANG_ENABLE_OBJC_ARC = YES;
				CLANG_WARN_BOOL_CONVERSION = YES;
				CLANG_WARN_CONSTANT_CONVERSION = YES;
				CLANG_WARN_DIRECT_OBJC_ISA_USAGE = YES_ERROR;
				CLANG_WARN_EMPTY_BODY = YES;
				CLANG_WARN_ENUM_CONVERSION = YES;
				CLANG_WARN_INT_CONVERSION = YES;
				CLANG_WARN_OBJC_ROOT_CLASS = YES_ERROR;
				CLANG_WARN_UNREACHABLE_CODE = YES;
				CLANG_WARN__DUPLICATE_METHOD_MATCH = YES;
				"CODE_SIGN_IDENTITY[sdk=iphoneos*]" = "iPhone Developer";
				COPY_PHASE_STRIP = NO;
				DEBUG_INFORMATION_FORMAT = dwarf;
				ENABLE_STRICT_OBJC_MSGSEND = YES;
				ENABLE_TESTABILITY = YES;
				GCC_C_LANGUAGE_STANDARD = gnu99;
				GCC_DYNAMIC_NO_PIC = NO;
				GCC_NO_COMMON_BLOCKS = YES;
				GCC_OPTIMIZATION_LEVEL = 0;
				GCC_PREPROCESSOR_DEFINITIONS = (
					"DEBUG=1",
					"$(inherited)",
				);
				GCC_WARN_64_TO_32_BIT_CONVERSION = YES;
				GCC_WARN_ABOUT_RETURN_TYPE = YES_ERROR;
				GCC_WARN_UNDECLARED_SELECTOR = YES;
				GCC_WARN_UNINITIALIZED_AUTOS = YES_AGGRESSIVE;
				GCC_WARN_UNUSED_FUNCTION = YES;
				GCC_WARN_UNUSED_VARIABLE = YES;
				IPHONEOS_DEPLOYMENT_TARGET = 9.3;
				MTL_ENABLE_DEBUG_INFO = YES;
				ONLY_ACTIVE_ARCH = YES;
				SDKROOT = iphoneos;
				SWIFT_OPTIMIZATION_LEVEL = "-Onone";
			};
			name = Debug;
		};
		97EEF02F1D850C8200EA96C8 /* Release */ = {
			isa = XCBuildConfiguration;
			buildSettings = {
				ALWAYS_SEARCH_USER_PATHS = NO;
				CLANG_ANALYZER_NONNULL = YES;
				CLANG_CXX_LANGUAGE_STANDARD = "gnu++0x";
				CLANG_CXX_LIBRARY = "libc++";
				CLANG_ENABLE_MODULES = YES;
				CLANG_ENABLE_OBJC_ARC = YES;
				CLANG_WARN_BOOL_CONVERSION = YES;
				CLANG_WARN_CONSTANT_CONVERSION = YES;
				CLANG_WARN_DIRECT_OBJC_ISA_USAGE = YES_ERROR;
				CLANG_WARN_EMPTY_BODY = YES;
				CLANG_WARN_ENUM_CONVERSION = YES;
				CLANG_WARN_INT_CONVERSION = YES;
				CLANG_WARN_OBJC_ROOT_CLASS = YES_ERROR;
				CLANG_WARN_UNREACHABLE_CODE = YES;
				CLANG_WARN__DUPLICATE_METHOD_MATCH = YES;
				"CODE_SIGN_IDENTITY[sdk=iphoneos*]" = "iPhone Developer";
				COPY_PHASE_STRIP = NO;
				DEBUG_INFORMATION_FORMAT = "dwarf-with-dsym";
				ENABLE_NS_ASSERTIONS = NO;
				ENABLE_STRICT_OBJC_MSGSEND = YES;
				GCC_C_LANGUAGE_STANDARD = gnu99;
				GCC_NO_COMMON_BLOCKS = YES;
				GCC_WARN_64_TO_32_BIT_CONVERSION = YES;
				GCC_WARN_ABOUT_RETURN_TYPE = YES_ERROR;
				GCC_WARN_UNDECLARED_SELECTOR = YES;
				GCC_WARN_UNINITIALIZED_AUTOS = YES_AGGRESSIVE;
				GCC_WARN_UNUSED_FUNCTION = YES;
				GCC_WARN_UNUSED_VARIABLE = YES;
				IPHONEOS_DEPLOYMENT_TARGET = 9.3;
				MTL_ENABLE_DEBUG_INFO = NO;
				SDKROOT = iphoneos;
				VALIDATE_PRODUCT = YES;
			};
			name = Release;
		};
		97EEF0311D850C8200EA96C8 /* Debug */ = {
			isa = XCBuildConfiguration;
			buildSettings = {
				ASSETCATALOG_COMPILER_APPICON_NAME = AppIcon;
				INFOPLIST_FILE = MapExam/Info.plist;
				LD_RUNPATH_SEARCH_PATHS = "$(inherited) @executable_path/Frameworks";
				PRODUCT_BUNDLE_IDENTIFIER = net.plurry.MapExam;
				PRODUCT_NAME = "$(TARGET_NAME)";
			};
			name = Debug;
		};
		97EEF0321D850C8200EA96C8 /* Release */ = {
			isa = XCBuildConfiguration;
			buildSettings = {
				ASSETCATALOG_COMPILER_APPICON_NAME = AppIcon;
				INFOPLIST_FILE = MapExam/Info.plist;
				LD_RUNPATH_SEARCH_PATHS = "$(inherited) @executable_path/Frameworks";
				PRODUCT_BUNDLE_IDENTIFIER = net.plurry.MapExam;
				PRODUCT_NAME = "$(TARGET_NAME)";
			};
			name = Release;
		};
		97EEF0341D850C8200EA96C8 /* Debug */ = {
			isa = XCBuildConfiguration;
			buildSettings = {
				BUNDLE_LOADER = "$(TEST_HOST)";
				INFOPLIST_FILE = MapExamTests/Info.plist;
				LD_RUNPATH_SEARCH_PATHS = "$(inherited) @executable_path/Frameworks @loader_path/Frameworks";
				PRODUCT_BUNDLE_IDENTIFIER = net.plurry.MapExamTests;
				PRODUCT_NAME = "$(TARGET_NAME)";
				TEST_HOST = "$(BUILT_PRODUCTS_DIR)/MapExam.app/MapExam";
			};
			name = Debug;
		};
		97EEF0351D850C8200EA96C8 /* Release */ = {
			isa = XCBuildConfiguration;
			buildSettings = {
				BUNDLE_LOADER = "$(TEST_HOST)";
				INFOPLIST_FILE = MapExamTests/Info.plist;
				LD_RUNPATH_SEARCH_PATHS = "$(inherited) @executable_path/Frameworks @loader_path/Frameworks";
				PRODUCT_BUNDLE_IDENTIFIER = net.plurry.MapExamTests;
				PRODUCT_NAME = "$(TARGET_NAME)";
				TEST_HOST = "$(BUILT_PRODUCTS_DIR)/MapExam.app/MapExam";
			};
			name = Release;
		};
		97EEF0371D850C8200EA96C8 /* Debug */ = {
			isa = XCBuildConfiguration;
			buildSettings = {
				INFOPLIST_FILE = MapExamUITests/Info.plist;
				LD_RUNPATH_SEARCH_PATHS = "$(inherited) @executable_path/Frameworks @loader_path/Frameworks";
				PRODUCT_BUNDLE_IDENTIFIER = net.plurry.MapExamUITests;
				PRODUCT_NAME = "$(TARGET_NAME)";
				TEST_TARGET_NAME = MapExam;
			};
			name = Debug;
		};
		97EEF0381D850C8200EA96C8 /* Release */ = {
			isa = XCBuildConfiguration;
			buildSettings = {
				INFOPLIST_FILE = MapExamUITests/Info.plist;
				LD_RUNPATH_SEARCH_PATHS = "$(inherited) @executable_path/Frameworks @loader_path/Frameworks";
				PRODUCT_BUNDLE_IDENTIFIER = net.plurry.MapExamUITests;
				PRODUCT_NAME = "$(TARGET_NAME)";
				TEST_TARGET_NAME = MapExam;
			};
			name = Release;
		};
/* End XCBuildConfiguration section */

/* Begin XCConfigurationList section */
		97EEF0031D850C8200EA96C8 /* Build configuration list for PBXProject "MapExam" */ = {
			isa = XCConfigurationList;
			buildConfigurations = (
				97EEF02E1D850C8200EA96C8 /* Debug */,
				97EEF02F1D850C8200EA96C8 /* Release */,
			);
			defaultConfigurationIsVisible = 0;
			defaultConfigurationName = Release;
		};
		97EEF0301D850C8200EA96C8 /* Build configuration list for PBXNativeTarget "MapExam" */ = {
			isa = XCConfigurationList;
			buildConfigurations = (
				97EEF0311D850C8200EA96C8 /* Debug */,
				97EEF0321D850C8200EA96C8 /* Release */,
			);
			defaultConfigurationIsVisible = 0;
		};
		97EEF0331D850C8200EA96C8 /* Build configuration list for PBXNativeTarget "MapExamTests" */ = {
			isa = XCConfigurationList;
			buildConfigurations = (
				97EEF0341D850C8200EA96C8 /* Debug */,
				97EEF0351D850C8200EA96C8 /* Release */,
			);
			defaultConfigurationIsVisible = 0;
		};
		97EEF0361D850C8200EA96C8 /* Build configuration list for PBXNativeTarget "MapExamUITests" */ = {
			isa = XCConfigurationList;
			buildConfigurations = (
				97EEF0371D850C8200EA96C8 /* Debug */,
				97EEF0381D850C8200EA96C8 /* Release */,
			);
			defaultConfigurationIsVisible = 0;
		};
/* End XCConfigurationList section */
	};
	rootObject = 97EEF0001D850C8200EA96C8 /* Project object */;
}
